{
  "name": "editor",
  "version": "1.0.0",
  "lockfileVersion": 1,
  "requires": true,
  "dependencies": {
    "abcjs": {
      "version": "3.3.4",
      "resolved": "https://registry.npmjs.org/abcjs/-/abcjs-3.3.4.tgz",
      "integrity": "sha512-fKZ7VyqNkRMoeFZ1vuKzlH9QqwA6qKFVA0gcigiEPGMyFUOEPOyniSRNndTI9ZZvDqNawGeL7qCug7sfrXsiTA==",
      "requires": {
        "midi": "git+https://github.com/paulrosen/MIDI.js.git#abcjs",
        "raphael": "^2.2.7"
      }
    },
    "eve-raphael": {
      "version": "0.5.0",
      "resolved": "https://registry.npmjs.org/eve-raphael/-/eve-raphael-0.5.0.tgz",
      "integrity": "sha512-jrxnPsCGqng1UZuEp9DecX/AuSyAszATSjf4oEcRxvfxa1Oux4KkIPKBAAWWnpdwfARtr+Q0o9aPYWjsROD7ug=="
    },
    "midi": {
      "version": "git+https://github.com/paulrosen/MIDI.js.git#e593ffef81a0350f99448e3ab8111957145ff6b2",
      "from": "git+https://github.com/paulrosen/MIDI.js.git#abcjs"
    },
    "raphael": {
      "version": "2.3.0",
      "resolved": "https://registry.npmjs.org/raphael/-/raphael-2.3.0.tgz",
      "integrity": "sha512-w2yIenZAQnp257XUWGni4bLMVxpUpcIl7qgxEgDIXtmSypYtlNxfXWpOBxs7LBTps5sDwhRnrToJrMUrivqNTQ==",
      "requires": {
        "eve-raphael": "0.5.0"
      }
    },
    "sortablejs": {
      "version": "1.7.0",
      "resolved": "https://registry.npmjs.org/sortablejs/-/sortablejs-1.7.0.tgz",
      "integrity": "sha1-gKKyNwq9Vo4c7IwnETHvMKkE+ig="
    }
  }
}
